
Microsoft Visual Studio Solution File, Format Version 12.00
# Visual Studio Version 16
VisualStudioVersion = 16.0.29509.3
MinimumVisualStudioVersion = 10.0.40219.1
Project("{FAE04EC0-301F-11D3-BF4B-00C04F79EFBC}") = "ExemploMVC", "ExemploMVC.csproj", "{0C96E1BD-0FA3-4B76-AD8E-7D3816B27B2E}"
EndProject
Global
	GlobalSection(SolutionConfigurationPlatforms) = preSolution
		Debug|Any CPU = Debug|Any CPU
		Release|Any CPU = Release|Any CPU
	EndGlobalSection
	GlobalSection(ProjectConfigurationPlatforms) = postSolution
		{0C96E1BD-0FA3-4B76-AD8E-7D3816B27B2E}.Debug|Any CPU.ActiveCfg = Debug|Any CPU
		{0C96E1BD-0FA3-4B76-AD8E-7D3816B27B2E}.Debug|Any CPU.Build.0 = Debug|Any CPU
		{0C96E1BD-0FA3-4B76-AD8E-7D3816B27B2E}.Release|Any CPU.ActiveCfg = Release|Any CPU
		{0C96E1BD-0FA3-4B76-AD8E-7D3816B27B2E}.Release|Any CPU.Build.0 = Release|Any CPU
	EndGlobalSection
	GlobalSection(SolutionProperties) = preSolution
		HideSolutionNode = FALSE
	EndGlobalSection
	GlobalSection(ExtensibilityGlobals) = postSolution
		SolutionGuid = {BBEB828D-9237-4516-9408-E3CEEC912058}
	EndGlobalSection
EndGlobal
